// !$*UTF8*$!
{
	archiveVersion = 1;
	classes = {
	};
	objectVersion = 55;
	objects = {

/* Begin PBXBuildFile section */
		A094FB9A28A5518900B7675D /* TodoAppApp.swift in Sources */ = {isa = PBXBuildFile; fileRef = A094FB9928A5518900B7675D /* TodoAppApp.swift */; };
		A094FB9C28A5518900B7675D /* ContentView.swift in Sources */ = {isa = PBXBuildFile; fileRef = A094FB9B28A5518900B7675D /* ContentView.swift */; };
		A094FB9E28A5518A00B7675D /* Assets.xcassets in Resources */ = {isa = PBXBuildFile; fileRef = A094FB9D28A5518A00B7675D /* Assets.xcassets */; };
		A094FBA128A5518A00B7675D /* Preview Assets.xcassets in Resources */ = {isa = PBXBuildFile; fileRef = A094FBA028A5518A00B7675D /* Preview Assets.xcassets */; };
		A094FBAB28A5518A00B7675D /* TodoAppTests.swift in Sources */ = {isa = PBXBuildFile; fileRef = A094FBAA28A5518A00B7675D /* TodoAppTests.swift */; };
		A094FBB528A5518A00B7675D /* TodoAppUITests.swift in Sources */ = {isa = PBXBuildFile; fileRef = A094FBB428A5518A00B7675D /* TodoAppUITests.swift */; };
		A094FBB728A5518A00B7675D /* TodoAppUITestsLaunchTests.swift in Sources */ = {isa = PBXBuildFile; fileRef = A094FBB628A5518A00B7675D /* TodoAppUITestsLaunchTests.swift */; };
		A094FBC828A551C200B7675D /* LoadTodoTaskFromRemoteUseCase.swift in Sources */ = {isa = PBXBuildFile; fileRef = A094FBC728A551C200B7675D /* LoadTodoTaskFromRemoteUseCase.swift */; };
		A094FBCD28A5541600B7675D /* Todo.swift in Sources */ = {isa = PBXBuildFile; fileRef = A094FBCC28A5541600B7675D /* Todo.swift */; };
		A094FBD028A55CE600B7675D /* RemoteTodoItem.swift in Sources */ = {isa = PBXBuildFile; fileRef = A094FBCF28A55CE600B7675D /* RemoteTodoItem.swift */; };
		A094FBD228A55D3100B7675D /* RemoteTodoLoader.swift in Sources */ = {isa = PBXBuildFile; fileRef = A094FBD128A55D3100B7675D /* RemoteTodoLoader.swift */; };
		A094FBD428A55D3F00B7675D /* TodoLoader.swift in Sources */ = {isa = PBXBuildFile; fileRef = A094FBD328A55D3F00B7675D /* TodoLoader.swift */; };
		A094FBD628A55D5200B7675D /* HTTPClient.swift in Sources */ = {isa = PBXBuildFile; fileRef = A094FBD528A55D5200B7675D /* HTTPClient.swift */; };
		A094FBD828A6442700B7675D /* TodoItemsMapper.swift in Sources */ = {isa = PBXBuildFile; fileRef = A094FBD728A6442700B7675D /* TodoItemsMapper.swift */; };
		A094FBDB28A68D0700B7675D /* XCTestCase+MemoryLeakTracking.swift in Sources */ = {isa = PBXBuildFile; fileRef = A094FBDA28A68D0700B7675D /* XCTestCase+MemoryLeakTracking.swift */; };
/* End PBXBuildFile section */

/* Begin PBXContainerItemProxy section */
		A094FBA728A5518A00B7675D /* PBXContainerItemProxy */ = {
			isa = PBXContainerItemProxy;
			containerPortal = A094FB8E28A5518900B7675D /* Project object */;
			proxyType = 1;
			remoteGlobalIDString = A094FB9528A5518900B7675D;
			remoteInfo = TodoApp;
		};
		A094FBB128A5518A00B7675D /* PBXContainerItemProxy */ = {
			isa = PBXContainerItemProxy;
			containerPortal = A094FB8E28A5518900B7675D /* Project object */;
			proxyType = 1;
			remoteGlobalIDString = A094FB9528A5518900B7675D;
			remoteInfo = TodoApp;
		};
/* End PBXContainerItemProxy section */

/* Begin PBXFileReference section */
		A094FB9628A5518900B7675D /* TodoApp.app */ = {isa = PBXFileReference; explicitFileType = wrapper.application; includeInIndex = 0; path = TodoApp.app; sourceTree = BUILT_PRODUCTS_DIR; };
		A094FB9928A5518900B7675D /* TodoAppApp.swift */ = {isa = PBXFileReference; lastKnownFileType = sourcecode.swift; path = TodoAppApp.swift; sourceTree = "<group>"; };
		A094FB9B28A5518900B7675D /* ContentView.swift */ = {isa = PBXFileReference; lastKnownFileType = sourcecode.swift; path = ContentView.swift; sourceTree = "<group>"; };
		A094FB9D28A5518A00B7675D /* Assets.xcassets */ = {isa = PBXFileReference; lastKnownFileType = folder.assetcatalog; path = Assets.xcassets; sourceTree = "<group>"; };
		A094FBA028A5518A00B7675D /* Preview Assets.xcassets */ = {isa = PBXFileReference; lastKnownFileType = folder.assetcatalog; path = "Preview Assets.xcassets"; sourceTree = "<group>"; };
		A094FBA628A5518A00B7675D /* TodoAppTests.xctest */ = {isa = PBXFileReference; explicitFileType = wrapper.cfbundle; includeInIndex = 0; path = TodoAppTests.xctest; sourceTree = BUILT_PRODUCTS_DIR; };
		A094FBAA28A5518A00B7675D /* TodoAppTests.swift */ = {isa = PBXFileReference; lastKnownFileType = sourcecode.swift; path = TodoAppTests.swift; sourceTree = "<group>"; };
		A094FBB028A5518A00B7675D /* TodoAppUITests.xctest */ = {isa = PBXFileReference; explicitFileType = wrapper.cfbundle; includeInIndex = 0; path = TodoAppUITests.xctest; sourceTree = BUILT_PRODUCTS_DIR; };
		A094FBB428A5518A00B7675D /* TodoAppUITests.swift */ = {isa = PBXFileReference; lastKnownFileType = sourcecode.swift; path = TodoAppUITests.swift; sourceTree = "<group>"; };
		A094FBB628A5518A00B7675D /* TodoAppUITestsLaunchTests.swift */ = {isa = PBXFileReference; lastKnownFileType = sourcecode.swift; path = TodoAppUITestsLaunchTests.swift; sourceTree = "<group>"; };
		A094FBC728A551C200B7675D /* LoadTodoTaskFromRemoteUseCase.swift */ = {isa = PBXFileReference; lastKnownFileType = sourcecode.swift; path = LoadTodoTaskFromRemoteUseCase.swift; sourceTree = "<group>"; };
		A094FBCC28A5541600B7675D /* Todo.swift */ = {isa = PBXFileReference; lastKnownFileType = sourcecode.swift; path = Todo.swift; sourceTree = "<group>"; };
		A094FBCF28A55CE600B7675D /* RemoteTodoItem.swift */ = {isa = PBXFileReference; lastKnownFileType = sourcecode.swift; path = RemoteTodoItem.swift; sourceTree = "<group>"; };
		A094FBD128A55D3100B7675D /* RemoteTodoLoader.swift */ = {isa = PBXFileReference; lastKnownFileType = sourcecode.swift; path = RemoteTodoLoader.swift; sourceTree = "<group>"; };
		A094FBD328A55D3F00B7675D /* TodoLoader.swift */ = {isa = PBXFileReference; lastKnownFileType = sourcecode.swift; path = TodoLoader.swift; sourceTree = "<group>"; };
		A094FBD528A55D5200B7675D /* HTTPClient.swift */ = {isa = PBXFileReference; lastKnownFileType = sourcecode.swift; path = HTTPClient.swift; sourceTree = "<group>"; };
		A094FBD728A6442700B7675D /* TodoItemsMapper.swift */ = {isa = PBXFileReference; lastKnownFileType = sourcecode.swift; path = TodoItemsMapper.swift; sourceTree = "<group>"; };
		A094FBDA28A68D0700B7675D /* XCTestCase+MemoryLeakTracking.swift */ = {isa = PBXFileReference; lastKnownFileType = sourcecode.swift; path = "XCTestCase+MemoryLeakTracking.swift"; sourceTree = "<group>"; };
/* End PBXFileReference section */

/* Begin PBXFrameworksBuildPhase section */
		A094FB9328A5518900B7675D /* Frameworks */ = {
			isa = PBXFrameworksBuildPhase;
			buildActionMask = 2147483647;
			files = (
			);
			runOnlyForDeploymentPostprocessing = 0;
		};
		A094FBA328A5518A00B7675D /* Frameworks */ = {
			isa = PBXFrameworksBuildPhase;
			buildActionMask = 2147483647;
			files = (
			);
			runOnlyForDeploymentPostprocessing = 0;
		};
		A094FBAD28A5518A00B7675D /* Frameworks */ = {
			isa = PBXFrameworksBuildPhase;
			buildActionMask = 2147483647;
			files = (
			);
			runOnlyForDeploymentPostprocessing = 0;
		};
/* End PBXFrameworksBuildPhase section */

/* Begin PBXGroup section */
		A094FB8D28A5518900B7675D = {
			isa = PBXGroup;
			children = (
				A094FB9828A5518900B7675D /* TodoApp */,
				A094FBA928A5518A00B7675D /* TodoAppTests */,
				A094FBB328A5518A00B7675D /* TodoAppUITests */,
				A094FB9728A5518900B7675D /* Products */,
			);
			sourceTree = "<group>";
		};
		A094FB9728A5518900B7675D /* Products */ = {
			isa = PBXGroup;
			children = (
				A094FB9628A5518900B7675D /* TodoApp.app */,
				A094FBA628A5518A00B7675D /* TodoAppTests.xctest */,
				A094FBB028A5518A00B7675D /* TodoAppUITests.xctest */,
			);
			name = Products;
			sourceTree = "<group>";
		};
		A094FB9828A5518900B7675D /* TodoApp */ = {
			isa = PBXGroup;
			children = (
				A094FBCA28A553E800B7675D /* Todo Feature */,
				A094FBC928A553CC00B7675D /* Todo API */,
				A094FBC328A5519500B7675D /* Services */,
				A094FB9928A5518900B7675D /* TodoAppApp.swift */,
				A094FB9B28A5518900B7675D /* ContentView.swift */,
				A094FB9D28A5518A00B7675D /* Assets.xcassets */,
				A094FB9F28A5518A00B7675D /* Preview Content */,
			);
			path = TodoApp;
			sourceTree = "<group>";
		};
		A094FB9F28A5518A00B7675D /* Preview Content */ = {
			isa = PBXGroup;
			children = (
				A094FBA028A5518A00B7675D /* Preview Assets.xcassets */,
			);
			path = "Preview Content";
			sourceTree = "<group>";
		};
		A094FBA928A5518A00B7675D /* TodoAppTests */ = {
			isa = PBXGroup;
			children = (
				A094FBD928A68CEC00B7675D /* Helpers */,
				A094FBC528A551A400B7675D /* Services */,
				A094FBAA28A5518A00B7675D /* TodoAppTests.swift */,
			);
			path = TodoAppTests;
			sourceTree = "<group>";
		};
		A094FBB328A5518A00B7675D /* TodoAppUITests */ = {
			isa = PBXGroup;
			children = (
				A094FBB428A5518A00B7675D /* TodoAppUITests.swift */,
				A094FBB628A5518A00B7675D /* TodoAppUITestsLaunchTests.swift */,
			);
			path = TodoAppUITests;
			sourceTree = "<group>";
		};
		A094FBC328A5519500B7675D /* Services */ = {
			isa = PBXGroup;
			children = (
				A094FBC428A5519A00B7675D /* Network */,
			);
			path = Services;
			sourceTree = "<group>";
		};
		A094FBC428A5519A00B7675D /* Network */ = {
			isa = PBXGroup;
			children = (
			);
			path = Network;
			sourceTree = "<group>";
		};
		A094FBC528A551A400B7675D /* Services */ = {
			isa = PBXGroup;
			children = (
				A094FBC628A551AC00B7675D /* Network */,
			);
			path = Services;
			sourceTree = "<group>";
		};
		A094FBC628A551AC00B7675D /* Network */ = {
			isa = PBXGroup;
			children = (
				A094FBC728A551C200B7675D /* LoadTodoTaskFromRemoteUseCase.swift */,
			);
			path = Network;
			sourceTree = "<group>";
		};
		A094FBC928A553CC00B7675D /* Todo API */ = {
			isa = PBXGroup;
			children = (
				A094FBCE28A55CDA00B7675D /* Model */,
				A094FBD528A55D5200B7675D /* HTTPClient.swift */,
				A094FBD128A55D3100B7675D /* RemoteTodoLoader.swift */,
				A094FBD328A55D3F00B7675D /* TodoLoader.swift */,
			);
			path = "Todo API";
			sourceTree = "<group>";
		};
		A094FBCA28A553E800B7675D /* Todo Feature */ = {
			isa = PBXGroup;
			children = (
				A094FBCB28A5540000B7675D /* Model */,
			);
			path = "Todo Feature";
			sourceTree = "<group>";
		};
		A094FBCB28A5540000B7675D /* Model */ = {
			isa = PBXGroup;
			children = (
				A094FBCC28A5541600B7675D /* Todo.swift */,
			);
			path = Model;
			sourceTree = "<group>";
		};
		A094FBCE28A55CDA00B7675D /* Model */ = {
			isa = PBXGroup;
			children = (
				A094FBCF28A55CE600B7675D /* RemoteTodoItem.swift */,
				A094FBD728A6442700B7675D /* TodoItemsMapper.swift */,
			);
			path = Model;
			sourceTree = "<group>";
		};
		A094FBD928A68CEC00B7675D /* Helpers */ = {
			isa = PBXGroup;
			children = (
				A094FBDA28A68D0700B7675D /* XCTestCase+MemoryLeakTracking.swift */,
			);
			path = Helpers;
			sourceTree = "<group>";
		};
/* End PBXGroup section */

/* Begin PBXNativeTarget section */
		A094FB9528A5518900B7675D /* TodoApp */ = {
			isa = PBXNativeTarget;
			buildConfigurationList = A094FBBA28A5518A00B7675D /* Build configuration list for PBXNativeTarget "TodoApp" */;
			buildPhases = (
				A094FB9228A5518900B7675D /* Sources */,
				A094FB9328A5518900B7675D /* Frameworks */,
				A094FB9428A5518900B7675D /* Resources */,
			);
			buildRules = (
			);
			dependencies = (
			);
			name = TodoApp;
			productName = TodoApp;
			productReference = A094FB9628A5518900B7675D /* TodoApp.app */;
			productType = "com.apple.product-type.application";
		};
		A094FBA528A5518A00B7675D /* TodoAppTests */ = {
			isa = PBXNativeTarget;
			buildConfigurationList = A094FBBD28A5518A00B7675D /* Build configuration list for PBXNativeTarget "TodoAppTests" */;
			buildPhases = (
				A094FBA228A5518A00B7675D /* Sources */,
				A094FBA328A5518A00B7675D /* Frameworks */,
				A094FBA428A5518A00B7675D /* Resources */,
			);
			buildRules = (
			);
			dependencies = (
				A094FBA828A5518A00B7675D /* PBXTargetDependency */,
			);
			name = TodoAppTests;
			productName = TodoAppTests;
			productReference = A094FBA628A5518A00B7675D /* TodoAppTests.xctest */;
			productType = "com.apple.product-type.bundle.unit-test";
		};
		A094FBAF28A5518A00B7675D /* TodoAppUITests */ = {
			isa = PBXNativeTarget;
			buildConfigurationList = A094FBC028A5518A00B7675D /* Build configuration list for PBXNativeTarget "TodoAppUITests" */;
			buildPhases = (
				A094FBAC28A5518A00B7675D /* Sources */,
				A094FBAD28A5518A00B7675D /* Frameworks */,
				A094FBAE28A5518A00B7675D /* Resources */,
			);
			buildRules = (
			);
			dependencies = (
				A094FBB228A5518A00B7675D /* PBXTargetDependency */,
			);
			name = TodoAppUITests;
			productName = TodoAppUITests;
			productReference = A094FBB028A5518A00B7675D /* TodoAppUITests.xctest */;
			productType = "com.apple.product-type.bundle.ui-testing";
		};
/* End PBXNativeTarget section */

/* Begin PBXProject section */
		A094FB8E28A5518900B7675D /* Project object */ = {
			isa = PBXProject;
			attributes = {
				BuildIndependentTargetsInParallel = 1;
				LastSwiftUpdateCheck = 1340;
				LastUpgradeCheck = 1340;
				TargetAttributes = {
					A094FB9528A5518900B7675D = {
						CreatedOnToolsVersion = 13.4.1;
					};
					A094FBA528A5518A00B7675D = {
						CreatedOnToolsVersion = 13.4.1;
						TestTargetID = A094FB9528A5518900B7675D;
					};
					A094FBAF28A5518A00B7675D = {
						CreatedOnToolsVersion = 13.4.1;
						TestTargetID = A094FB9528A5518900B7675D;
					};
				};
			};
			buildConfigurationList = A094FB9128A5518900B7675D /* Build configuration list for PBXProject "TodoApp" */;
			compatibilityVersion = "Xcode 13.0";
			developmentRegion = en;
			hasScannedForEncodings = 0;
			knownRegions = (
				en,
				Base,
			);
			mainGroup = A094FB8D28A5518900B7675D;
			productRefGroup = A094FB9728A5518900B7675D /* Products */;
			projectDirPath = "";
			projectRoot = "";
			targets = (
				A094FB9528A5518900B7675D /* TodoApp */,
				A094FBA528A5518A00B7675D /* TodoAppTests */,
				A094FBAF28A5518A00B7675D /* TodoAppUITests */,
			);
		};
/* End PBXProject section */

/* Begin PBXResourcesBuildPhase section */
		A094FB9428A5518900B7675D /* Resources */ = {
			isa = PBXResourcesBuildPhase;
			buildActionMask = 2147483647;
			files = (
				A094FBA128A5518A00B7675D /* Preview Assets.xcassets in Resources */,
				A094FB9E28A5518A00B7675D /* Assets.xcassets in Resources */,
			);
			runOnlyForDeploymentPostprocessing = 0;
		};
		A094FBA428A5518A00B7675D /* Resources */ = {
			isa = PBXResourcesBuildPhase;
			buildActionMask = 2147483647;
			files = (
			);
			runOnlyForDeploymentPostprocessing = 0;
		};
		A094FBAE28A5518A00B7675D /* Resources */ = {
			isa = PBXResourcesBuildPhase;
			buildActionMask = 2147483647;
			files = (
			);
			runOnlyForDeploymentPostprocessing = 0;
		};
/* End PBXResourcesBuildPhase section */

/* Begin PBXSourcesBuildPhase section */
		A094FB9228A5518900B7675D /* Sources */ = {
			isa = PBXSourcesBuildPhase;
			buildActionMask = 2147483647;
			files = (
				A094FBD228A55D3100B7675D /* RemoteTodoLoader.swift in Sources */,
				A094FB9C28A5518900B7675D /* ContentView.swift in Sources */,
				A094FBD428A55D3F00B7675D /* TodoLoader.swift in Sources */,
				A094FBD628A55D5200B7675D /* HTTPClient.swift in Sources */,
				A094FBD028A55CE600B7675D /* RemoteTodoItem.swift in Sources */,
				A094FBD828A6442700B7675D /* TodoItemsMapper.swift in Sources */,
				A094FBCD28A5541600B7675D /* Todo.swift in Sources */,
				A094FB9A28A5518900B7675D /* TodoAppApp.swift in Sources */,
			);
			runOnlyForDeploymentPostprocessing = 0;
		};
		A094FBA228A5518A00B7675D /* Sources */ = {
			isa = PBXSourcesBuildPhase;
			buildActionMask = 2147483647;
			files = (
				A094FBC828A551C200B7675D /* LoadTodoTaskFromRemoteUseCase.swift in Sources */,
				A094FBAB28A5518A00B7675D /* TodoAppTests.swift in Sources */,
				A094FBDB28A68D0700B7675D /* XCTestCase+MemoryLeakTracking.swift in Sources */,
			);
			runOnlyForDeploymentPostprocessing = 0;
		};
		A094FBAC28A5518A00B7675D /* Sources */ = {
			isa = PBXSourcesBuildPhase;
			buildActionMask = 2147483647;
			files = (
				A094FBB728A5518A00B7675D /* TodoAppUITestsLaunchTests.swift in Sources */,
				A094FBB528A5518A00B7675D /* TodoAppUITests.swift in Sources */,
			);
			runOnlyForDeploymentPostprocessing = 0;
		};
/* End PBXSourcesBuildPhase section */

/* Begin PBXTargetDependency section */
		A094FBA828A5518A00B7675D /* PBXTargetDependency */ = {
			isa = PBXTargetDependency;
			target = A094FB9528A5518900B7675D /* TodoApp */;
			targetProxy = A094FBA728A5518A00B7675D /* PBXContainerItemProxy */;
		};
		A094FBB228A5518A00B7675D /* PBXTargetDependency */ = {
			isa = PBXTargetDependency;
			target = A094FB9528A5518900B7675D /* TodoApp */;
			targetProxy = A094FBB128A5518A00B7675D /* PBXContainerItemProxy */;
		};
/* End PBXTargetDependency section */

/* Begin XCBuildConfiguration section */
		A094FBB828A5518A00B7675D /* Debug */ = {
			isa = XCBuildConfiguration;
			buildSettings = {
				ALWAYS_SEARCH_USER_PATHS = NO;
				CLANG_ANALYZER_NONNULL = YES;
				CLANG_ANALYZER_NUMBER_OBJECT_CONVERSION = YES_AGGRESSIVE;
				CLANG_CXX_LANGUAGE_STANDARD = "gnu++17";
				CLANG_ENABLE_MODULES = YES;
				CLANG_ENABLE_OBJC_ARC = YES;
				CLANG_ENABLE_OBJC_WEAK = YES;
				CLANG_WARN_BLOCK_CAPTURE_AUTORELEASING = YES;
				CLANG_WARN_BOOL_CONVERSION = YES;
				CLANG_WARN_COMMA = YES;
				CLANG_WARN_CONSTANT_CONVERSION = YES;
				CLANG_WARN_DEPRECATED_OBJC_IMPLEMENTATIONS = YES;
				CLANG_WARN_DIRECT_OBJC_ISA_USAGE = YES_ERROR;
				CLANG_WARN_DOCUMENTATION_COMMENTS = YES;
				CLANG_WARN_EMPTY_BODY = YES;
				CLANG_WARN_ENUM_CONVERSION = YES;
				CLANG_WARN_INFINITE_RECURSION = YES;
				CLANG_WARN_INT_CONVERSION = YES;
				CLANG_WARN_NON_LITERAL_NULL_CONVERSION = YES;
				CLANG_WARN_OBJC_IMPLICIT_RETAIN_SELF = YES;
				CLANG_WARN_OBJC_LITERAL_CONVERSION = YES;
				CLANG_WARN_OBJC_ROOT_CLASS = YES_ERROR;
				CLANG_WARN_QUOTED_INCLUDE_IN_FRAMEWORK_HEADER = YES;
				CLANG_WARN_RANGE_LOOP_ANALYSIS = YES;
				CLANG_WARN_STRICT_PROTOTYPES = YES;
				CLANG_WARN_SUSPICIOUS_MOVE = YES;
				CLANG_WARN_UNGUARDED_AVAILABILITY = YES_AGGRESSIVE;
				CLANG_WARN_UNREACHABLE_CODE = YES;
				CLANG_WARN__DUPLICATE_METHOD_MATCH = YES;
				COPY_PHASE_STRIP = NO;
				DEBUG_INFORMATION_FORMAT = dwarf;
				ENABLE_STRICT_OBJC_MSGSEND = YES;
				ENABLE_TESTABILITY = YES;
				GCC_C_LANGUAGE_STANDARD = gnu11;
				GCC_DYNAMIC_NO_PIC = NO;
				GCC_NO_COMMON_BLOCKS = YES;
				GCC_OPTIMIZATION_LEVEL = 0;
				GCC_PREPROCESSOR_DEFINITIONS = (
					"DEBUG=1",
					"$(inherited)",
				);
				GCC_WARN_64_TO_32_BIT_CONVERSION = YES;
				GCC_WARN_ABOUT_RETURN_TYPE = YES_ERROR;
				GCC_WARN_UNDECLARED_SELECTOR = YES;
				GCC_WARN_UNINITIALIZED_AUTOS = YES_AGGRESSIVE;
				GCC_WARN_UNUSED_FUNCTION = YES;
				GCC_WARN_UNUSED_VARIABLE = YES;
				IPHONEOS_DEPLOYMENT_TARGET = 15.5;
				MTL_ENABLE_DEBUG_INFO = INCLUDE_SOURCE;
				MTL_FAST_MATH = YES;
				ONLY_ACTIVE_ARCH = YES;
				SDKROOT = iphoneos;
				SWIFT_ACTIVE_COMPILATION_CONDITIONS = DEBUG;
				SWIFT_OPTIMIZATION_LEVEL = "-Onone";
			};
			name = Debug;
		};
		A094FBB928A5518A00B7675D /* Release */ = {
			isa = XCBuildConfiguration;
			buildSettings = {
				ALWAYS_SEARCH_USER_PATHS = NO;
				CLANG_ANALYZER_NONNULL = YES;
				CLANG_ANALYZER_NUMBER_OBJECT_CONVERSION = YES_AGGRESSIVE;
				CLANG_CXX_LANGUAGE_STANDARD = "gnu++17";
				CLANG_ENABLE_MODULES = YES;
				CLANG_ENABLE_OBJC_ARC = YES;
				CLANG_ENABLE_OBJC_WEAK = YES;
				CLANG_WARN_BLOCK_CAPTURE_AUTORELEASING = YES;
				CLANG_WARN_BOOL_CONVERSION = YES;
				CLANG_WARN_COMMA = YES;
				CLANG_WARN_CONSTANT_CONVERSION = YES;
				CLANG_WARN_DEPRECATED_OBJC_IMPLEMENTATIONS = YES;
				CLANG_WARN_DIRECT_OBJC_ISA_USAGE = YES_ERROR;
				CLANG_WARN_DOCUMENTATION_COMMENTS = YES;
				CLANG_WARN_EMPTY_BODY = YES;
				CLANG_WARN_ENUM_CONVERSION = YES;
				CLANG_WARN_INFINITE_RECURSION = YES;
				CLANG_WARN_INT_CONVERSION = YES;
				CLANG_WARN_NON_LITERAL_NULL_CONVERSION = YES;
				CLANG_WARN_OBJC_IMPLICIT_RETAIN_SELF = YES;
				CLANG_WARN_OBJC_LITERAL_CONVERSION = YES;
				CLANG_WARN_OBJC_ROOT_CLASS = YES_ERROR;
				CLANG_WARN_QUOTED_INCLUDE_IN_FRAMEWORK_HEADER = YES;
				CLANG_WARN_RANGE_LOOP_ANALYSIS = YES;
				CLANG_WARN_STRICT_PROTOTYPES = YES;
				CLANG_WARN_SUSPICIOUS_MOVE = YES;
				CLANG_WARN_UNGUARDED_AVAILABILITY = YES_AGGRESSIVE;
				CLANG_WARN_UNREACHABLE_CODE = YES;
				CLANG_WARN__DUPLICATE_METHOD_MATCH = YES;
				COPY_PHASE_STRIP = NO;
				DEBUG_INFORMATION_FORMAT = "dwarf-with-dsym";
				ENABLE_NS_ASSERTIONS = NO;
				ENABLE_STRICT_OBJC_MSGSEND = YES;
				GCC_C_LANGUAGE_STANDARD = gnu11;
				GCC_NO_COMMON_BLOCKS = YES;
				GCC_WARN_64_TO_32_BIT_CONVERSION = YES;
				GCC_WARN_ABOUT_RETURN_TYPE = YES_ERROR;
				GCC_WARN_UNDECLARED_SELECTOR = YES;
				GCC_WARN_UNINITIALIZED_AUTOS = YES_AGGRESSIVE;
				GCC_WARN_UNUSED_FUNCTION = YES;
				GCC_WARN_UNUSED_VARIABLE = YES;
				IPHONEOS_DEPLOYMENT_TARGET = 15.5;
				MTL_ENABLE_DEBUG_INFO = NO;
				MTL_FAST_MATH = YES;
				SDKROOT = iphoneos;
				SWIFT_COMPILATION_MODE = wholemodule;
				SWIFT_OPTIMIZATION_LEVEL = "-O";
				VALIDATE_PRODUCT = YES;
			};
			name = Release;
		};
		A094FBBB28A5518A00B7675D /* Debug */ = {
			isa = XCBuildConfiguration;
			buildSettings = {
				ASSETCATALOG_COMPILER_APPICON_NAME = AppIcon;
				ASSETCATALOG_COMPILER_GLOBAL_ACCENT_COLOR_NAME = AccentColor;
				CODE_SIGN_STYLE = Automatic;
				CURRENT_PROJECT_VERSION = 1;
				DEVELOPMENT_ASSET_PATHS = "\"TodoApp/Preview Content\"";
				DEVELOPMENT_TEAM = X4EJFKXUGN;
				ENABLE_PREVIEWS = YES;
				GENERATE_INFOPLIST_FILE = YES;
				INFOPLIST_KEY_UIApplicationSceneManifest_Generation = YES;
				INFOPLIST_KEY_UIApplicationSupportsIndirectInputEvents = YES;
				INFOPLIST_KEY_UILaunchScreen_Generation = YES;
				INFOPLIST_KEY_UISupportedInterfaceOrientations_iPad = "UIInterfaceOrientationPortrait UIInterfaceOrientationPortraitUpsideDown UIInterfaceOrientationLandscapeLeft UIInterfaceOrientationLandscapeRight";
				INFOPLIST_KEY_UISupportedInterfaceOrientations_iPhone = "UIInterfaceOrientationPortrait UIInterfaceOrientationLandscapeLeft UIInterfaceOrientationLandscapeRight";
				LD_RUNPATH_SEARCH_PATHS = (
					"$(inherited)",
					"@executable_path/Frameworks",
				);
				MARKETING_VERSION = 1.0;
				PRODUCT_BUNDLE_IDENTIFIER = com.rhj.TodoApp;
				PRODUCT_NAME = "$(TARGET_NAME)";
				SWIFT_EMIT_LOC_STRINGS = YES;
				SWIFT_VERSION = 5.0;
				TARGETED_DEVICE_FAMILY = "1,2";
			};
			name = Debug;
		};
		A094FBBC28A5518A00B7675D /* Release */ = {
			isa = XCBuildConfiguration;
			buildSettings = {
				ASSETCATALOG_COMPILER_APPICON_NAME = AppIcon;
				ASSETCATALOG_COMPILER_GLOBAL_ACCENT_COLOR_NAME = AccentColor;
				CODE_SIGN_STYLE = Automatic;
				CURRENT_PROJECT_VERSION = 1;
				DEVELOPMENT_ASSET_PATHS = "\"TodoApp/Preview Content\"";
				DEVELOPMENT_TEAM = X4EJFKXUGN;
				ENABLE_PREVIEWS = YES;
				GENERATE_INFOPLIST_FILE = YES;
				INFOPLIST_KEY_UIApplicationSceneManifest_Generation = YES;
				INFOPLIST_KEY_UIApplicationSupportsIndirectInputEvents = YES;
				INFOPLIST_KEY_UILaunchScreen_Generation = YES;
				INFOPLIST_KEY_UISupportedInterfaceOrientations_iPad = "UIInterfaceOrientationPortrait UIInterfaceOrientationPortraitUpsideDown UIInterfaceOrientationLandscapeLeft UIInterfaceOrientationLandscapeRight";
				INFOPLIST_KEY_UISupportedInterfaceOrientations_iPhone = "UIInterfaceOrientationPortrait UIInterfaceOrientationLandscapeLeft UIInterfaceOrientationLandscapeRight";
				LD_RUNPATH_SEARCH_PATHS = (
					"$(inherited)",
					"@executable_path/Frameworks",
				);
				MARKETING_VERSION = 1.0;
				PRODUCT_BUNDLE_IDENTIFIER = com.rhj.TodoApp;
				PRODUCT_NAME = "$(TARGET_NAME)";
				SWIFT_EMIT_LOC_STRINGS = YES;
				SWIFT_VERSION = 5.0;
				TARGETED_DEVICE_FAMILY = "1,2";
			};
			name = Release;
		};
		A094FBBE28A5518A00B7675D /* Debug */ = {
			isa = XCBuildConfiguration;
			buildSettings = {
				ALWAYS_EMBED_SWIFT_STANDARD_LIBRARIES = YES;
				BUNDLE_LOADER = "$(TEST_HOST)";
				CODE_SIGN_STYLE = Automatic;
				CURRENT_PROJECT_VERSION = 1;
				DEVELOPMENT_TEAM = X4EJFKXUGN;
				GENERATE_INFOPLIST_FILE = YES;
				IPHONEOS_DEPLOYMENT_TARGET = 15.5;
				MARKETING_VERSION = 1.0;
				PRODUCT_BUNDLE_IDENTIFIER = com.rhj.TodoAppTests;
				PRODUCT_NAME = "$(TARGET_NAME)";
				SWIFT_EMIT_LOC_STRINGS = NO;
				SWIFT_VERSION = 5.0;
				TARGETED_DEVICE_FAMILY = "1,2";
				TEST_HOST = "$(BUILT_PRODUCTS_DIR)/TodoApp.app/TodoApp";
			};
			name = Debug;
		};
		A094FBBF28A5518A00B7675D /* Release */ = {
			isa = XCBuildConfiguration;
			buildSettings = {
				ALWAYS_EMBED_SWIFT_STANDARD_LIBRARIES = YES;
				BUNDLE_LOADER = "$(TEST_HOST)";
				CODE_SIGN_STYLE = Automatic;
				CURRENT_PROJECT_VERSION = 1;
				DEVELOPMENT_TEAM = X4EJFKXUGN;
				GENERATE_INFOPLIST_FILE = YES;
				IPHONEOS_DEPLOYMENT_TARGET = 15.5;
				MARKETING_VERSION = 1.0;
				PRODUCT_BUNDLE_IDENTIFIER = com.rhj.TodoAppTests;
				PRODUCT_NAME = "$(TARGET_NAME)";
				SWIFT_EMIT_LOC_STRINGS = NO;
				SWIFT_VERSION = 5.0;
				TARGETED_DEVICE_FAMILY = "1,2";
				TEST_HOST = "$(BUILT_PRODUCTS_DIR)/TodoApp.app/TodoApp";
			};
			name = Release;
		};
		A094FBC128A5518A00B7675D /* Debug */ = {
			isa = XCBuildConfiguration;
			buildSettings = {
				ALWAYS_EMBED_SWIFT_STANDARD_LIBRARIES = YES;
				CODE_SIGN_STYLE = Automatic;
				CURRENT_PROJECT_VERSION = 1;
				DEVELOPMENT_TEAM = X4EJFKXUGN;
				GENERATE_INFOPLIST_FILE = YES;
				MARKETING_VERSION = 1.0;
				PRODUCT_BUNDLE_IDENTIFIER = com.rhj.TodoAppUITests;
				PRODUCT_NAME = "$(TARGET_NAME)";
				SWIFT_EMIT_LOC_STRINGS = NO;
				SWIFT_VERSION = 5.0;
				TARGETED_DEVICE_FAMILY = "1,2";
				TEST_TARGET_NAME = TodoApp;
			};
			name = Debug;
		};
		A094FBC228A5518A00B7675D /* Release */ = {
			isa = XCBuildConfiguration;
			buildSettings = {
				ALWAYS_EMBED_SWIFT_STANDARD_LIBRARIES = YES;
				CODE_SIGN_STYLE = Automatic;
				CURRENT_PROJECT_VERSION = 1;
				DEVELOPMENT_TEAM = X4EJFKXUGN;
				GENERATE_INFOPLIST_FILE = YES;
				MARKETING_VERSION = 1.0;
				PRODUCT_BUNDLE_IDENTIFIER = com.rhj.TodoAppUITests;
				PRODUCT_NAME = "$(TARGET_NAME)";
				SWIFT_EMIT_LOC_STRINGS = NO;
				SWIFT_VERSION = 5.0;
				TARGETED_DEVICE_FAMILY = "1,2";
				TEST_TARGET_NAME = TodoApp;
			};
			name = Release;
		};
/* End XCBuildConfiguration section */

/* Begin XCConfigurationList section */
		A094FB9128A5518900B7675D /* Build configuration list for PBXProject "TodoApp" */ = {
			isa = XCConfigurationList;
			buildConfigurations = (
				A094FBB828A5518A00B7675D /* Debug */,
				A094FBB928A5518A00B7675D /* Release */,
			);
			defaultConfigurationIsVisible = 0;
			defaultConfigurationName = Release;
		};
		A094FBBA28A5518A00B7675D /* Build configuration list for PBXNativeTarget "TodoApp" */ = {
			isa = XCConfigurationList;
			buildConfigurations = (
				A094FBBB28A5518A00B7675D /* Debug */,
				A094FBBC28A5518A00B7675D /* Release */,
			);
			defaultConfigurationIsVisible = 0;
			defaultConfigurationName = Release;
		};
		A094FBBD28A5518A00B7675D /* Build configuration list for PBXNativeTarget "TodoAppTests" */ = {
			isa = XCConfigurationList;
			buildConfigurations = (
				A094FBBE28A5518A00B7675D /* Debug */,
				A094FBBF28A5518A00B7675D /* Release */,
			);
			defaultConfigurationIsVisible = 0;
			defaultConfigurationName = Release;
		};
		A094FBC028A5518A00B7675D /* Build configuration list for PBXNativeTarget "TodoAppUITests" */ = {
			isa = XCConfigurationList;
			buildConfigurations = (
				A094FBC128A5518A00B7675D /* Debug */,
				A094FBC228A5518A00B7675D /* Release */,
			);
			defaultConfigurationIsVisible = 0;
			defaultConfigurationName = Release;
		};
/* End XCConfigurationList section */
	};
	rootObject = A094FB8E28A5518900B7675D /* Project object */;
}
